#MicroXplorer Configuration settings - do not modify
Mcu.Family=STM32F1
PA6.GPIOParameters=GPIO_Label
ProjectManager.MainLocation=Core/Src
PA6.Mode=Full_Duplex_Master
ProjectManager.ProjectFileName=tft_display_image.ioc
PA7.Mode=Full_Duplex_Master
PD1-OSC_OUT.Mode=HSE-External-Oscillator
ProjectManager.KeepUserCode=true
Mcu.UserName=STM32F103C8Tx
Mcu.PinsNb=12
SPI1.VirtualType=VM_MASTER
ProjectManager.NoMain=false
SPI1.IPParameters=VirtualType,Mode,Direction,CalculateBaudRate
RCC.PLLCLKFreq_Value=8000000
ProjectManager.functionlistsort=1-MX_GPIO_Init-GPIO-false-HAL-true,2-SystemClock_Config-RCC-false-HAL-false,3-MX_SPI1_Init-SPI1-false-HAL-true
PA3.GPIOParameters=GPIO_Label
ProjectManager.DefaultFWLocation=true
PA6.GPIO_Label=SPI_MISO
NVIC.TIM1_UP_IRQn=true\:0\:0\:false\:false\:true\:false\:true
PD0-OSC_IN.Signal=RCC_OSC_IN
ProjectManager.DeletePrevious=true
PA2.GPIOParameters=GPIO_Label
PinOutPanel.RotationAngle=0
RCC.FamilyName=M
ProjectManager.StackSize=0x400
PD1-OSC_OUT.Signal=RCC_OSC_OUT
PA13.Signal=SYS_JTMS-SWDIO
Mcu.IP2=SPI1
NVIC.SVCall_IRQn=true\:0\:0\:false\:false\:true\:false\:false
Mcu.IP3=SYS
Mcu.IP0=NVIC
Mcu.IP1=RCC
Mcu.UserConstants=
ProjectManager.TargetToolchain=STM32CubeIDE
Mcu.ThirdPartyNb=0
SPI1.Direction=SPI_DIRECTION_2LINES
Mcu.IPNb=4
ProjectManager.PreviousToolchain=
SPI1.CalculateBaudRate=4.0 MBits/s
Mcu.Pin6=PA5
Mcu.Pin7=PA6
ProjectManager.RegisterCallBack=
Mcu.Pin8=PA7
Mcu.Pin9=PA13
PA1.Signal=GPIO_Output
Mcu.Pin0=PD0-OSC_IN
Mcu.Pin1=PD1-OSC_OUT
Mcu.Pin2=PA1
PD0-OSC_IN.Mode=HSE-External-Oscillator
Mcu.Pin3=PA2
Mcu.Pin4=PA3
Mcu.Pin5=PA4
PA5.Signal=SPI1_SCK
ProjectManager.ProjectBuild=false
NVIC.UsageFault_IRQn=true\:0\:0\:false\:false\:true\:false\:false
NVIC.DebugMonitor_IRQn=true\:0\:0\:false\:false\:true\:false\:false
board=custom
PA4.Locked=true
NVIC.SysTick_IRQn=true\:0\:0\:false\:false\:true\:false\:true
ProjectManager.LastFirmware=true
ProjectManager.FirmwarePackage=STM32Cube FW_F1 V1.8.5
MxDb.Version=DB.6.0.21
RCC.APB2Freq_Value=8000000
PA1.GPIOParameters=GPIO_Label
ProjectManager.BackupPrevious=false
MxCube.Version=6.2.1
VP_SYS_VS_tim1.Signal=SYS_VS_tim1
SPI1.Mode=SPI_MODE_MASTER
PA14.Mode=Serial_Wire
VP_SYS_VS_tim1.Mode=TIM1
File.Version=6
PA1.GPIO_Label=DISPLAY_LED
NVIC.NonMaskableInt_IRQn=true\:0\:0\:false\:false\:true\:false\:false
PA4.GPIOParameters=GPIO_Label
NVIC.PendSV_IRQn=true\:0\:0\:false\:false\:true\:false\:false
PA13.Mode=Serial_Wire
ProjectManager.FreePins=false
RCC.IPParameters=APB1Freq_Value,APB2Freq_Value,FamilyName,PLLCLKFreq_Value,PLLMCOFreq_Value,TimSysFreq_Value
ProjectManager.AskForMigrate=true
Mcu.Name=STM32F103C(8-B)Tx
ProjectManager.HalAssertFull=false
PA2.Signal=GPIO_Output
ProjectManager.ProjectName=tft_display_image
ProjectManager.UnderRoot=true
RCC.PLLMCOFreq_Value=4000000
ProjectManager.CoupleFile=false
PA4.Signal=GPIO_Output
Mcu.Package=LQFP48
PA6.Signal=SPI1_MISO
RCC.TimSysFreq_Value=8000000
PA1.Locked=true
PA7.GPIO_Label=SPI_MOSI
PA3.Locked=true
NVIC.TimeBase=TIM1_UP_IRQn
PA5.GPIO_Label=SPI_SCK
NVIC.ForceEnableDMAVector=true
KeepUserPlacement=false
NVIC.MemoryManagement_IRQn=true\:0\:0\:false\:false\:true\:false\:false
ProjectManager.CompilerOptimize=6
ProjectManager.ToolChainLocation=
PA2.GPIO_Label=DISPLAY_DC
NVIC.TimeBaseIP=TIM1
PA14.Signal=SYS_JTCK-SWCLK
ProjectManager.HeapSize=0x200
NVIC.HardFault_IRQn=true\:0\:0\:false\:false\:true\:false\:false
PA5.GPIOParameters=GPIO_Label
ProjectManager.ComputerToolchain=false
NVIC.PriorityGroup=NVIC_PRIORITYGROUP_4
Mcu.Pin11=VP_SYS_VS_tim1
Mcu.Pin10=PA14
NVIC.BusFault_IRQn=true\:0\:0\:false\:false\:true\:false\:false
RCC.APB1Freq_Value=8000000
PA4.GPIO_Label=DISPLAY_CS
PA7.GPIOParameters=GPIO_Label
ProjectManager.CustomerFirmwarePackage=
ProjectManager.DeviceId=STM32F103C8Tx
ProjectManager.LibraryCopy=1
PA3.GPIO_Label=DISPLAY_RESET
PA3.Signal=GPIO_Output
PA5.Mode=Full_Duplex_Master
PA7.Signal=SPI1_MOSI
PA2.Locked=true
isbadioc=false
